
Microsoft Visual Studio Solution File, Format Version 12.00
# Visual Studio Version 17
VisualStudioVersion = 17.3.32922.545
MinimumVisualStudioVersion = 10.0.40219.1
Project("{9A19103F-16F7-4668-BE54-9A1E7A4F7556}") = "AgenciaViajes.Logic", "src\AgenciaViajes.Logic\AgenciaViajes.Logic.csproj", "{10E9DBBA-EE6C-4A0D-9150-901BFE1AD959}"
EndProject
Project("{2150E333-8FDC-42A3-9474-1A3956D46DE8}") = "src", "src", "{E502C9B9-3862-4BF2-B944-0854547A43EE}"
EndProject
Project("{9A19103F-16F7-4668-BE54-9A1E7A4F7556}") = "AgenciaViajes.DataAccess", "src\AgenciaViajes.DataAccess\AgenciaViajes.DataAccess.csproj", "{8B81FBC5-1663-4970-9236-4F415FCB5D23}"
EndProject
Project("{2150E333-8FDC-42A3-9474-1A3956D46DE8}") = "tests", "tests", "{73AF4321-ADEA-44BD-8BB8-43068EB79731}"
EndProject
Project("{9A19103F-16F7-4668-BE54-9A1E7A4F7556}") = "AgenciaViajes.Tests", "tests\AgenciaViajes.Tests\AgenciaViajes.Tests.csproj", "{A6F7E0AD-9558-4CB7-8F4A-6234B1408DC2}"
EndProject
Project("{9A19103F-16F7-4668-BE54-9A1E7A4F7556}") = "AgenciaViajes.Win", "src\AgenciaViajes.Win\AgenciaViajes.Win.csproj", "{8EA63B19-CD2A-44D7-84EE-D74278074307}"
EndProject
Project("{9A19103F-16F7-4668-BE54-9A1E7A4F7556}") = "AgenciaViajes.Console", "src\AgenciaViajes.Console\AgenciaViajes.Console.csproj", "{9E0A6E1D-0E32-42F8-96CE-D354A3206ED3}"
EndProject
Project("{2150E333-8FDC-42A3-9474-1A3956D46DE8}") = "4_Interfaz_UI", "4_Interfaz_UI", "{B9EF0330-BA8E-4AB2-84FF-A6F8A753E4BF}"
EndProject
Project("{00D1A9C2-B5F0-4AF3-8072-F6C62B433612}") = "AgenciaViajes.DB", "src\AgenciaViajes.DB\AgenciaViajes.DB.sqlproj", "{01C2F6F2-FA9E-4F9B-A2A1-E89232157765}"
EndProject
Project("{9A19103F-16F7-4668-BE54-9A1E7A4F7556}") = "AgenciaViajes.Entities", "src\AgenciaViajes.Entities\AgenciaViajes.Entities.csproj", "{5629D917-E85B-4AEC-8B00-B5644F8C4EBF}"
EndProject
Project("{2150E333-8FDC-42A3-9474-1A3956D46DE8}") = "0_DB", "0_DB", "{0809F219-85F6-4325-8310-9B829D5D9ABB}"
EndProject
Project("{2150E333-8FDC-42A3-9474-1A3956D46DE8}") = "1_Entidades_Models", "1_Entidades_Models", "{BB0515DF-3115-43EA-98F3-4E64C72487D1}"
EndProject
Project("{2150E333-8FDC-42A3-9474-1A3956D46DE8}") = "3_Logica_DLL", "3_Logica_DLL", "{B86DEA34-9010-429B-80B3-9F08B1598641}"
EndProject
Project("{2150E333-8FDC-42A3-9474-1A3956D46DE8}") = "2_AccesoDatos_DAL", "2_AccesoDatos_DAL", "{867B322C-86C6-4EBB-9022-ACB0621EE750}"
EndProject
Project("{2150E333-8FDC-42A3-9474-1A3956D46DE8}") = "Solution Items", "Solution Items", "{B428E770-1BF7-49CF-8E2A-7F57E0D06899}"
	ProjectSection(SolutionItems) = preProject
		README.md = README.md
	EndProjectSection
EndProject
Global
	GlobalSection(SolutionConfigurationPlatforms) = preSolution
		Debug|Any CPU = Debug|Any CPU
		Release|Any CPU = Release|Any CPU
	EndGlobalSection
	GlobalSection(ProjectConfigurationPlatforms) = postSolution
		{10E9DBBA-EE6C-4A0D-9150-901BFE1AD959}.Debug|Any CPU.ActiveCfg = Debug|Any CPU
		{10E9DBBA-EE6C-4A0D-9150-901BFE1AD959}.Debug|Any CPU.Build.0 = Debug|Any CPU
		{10E9DBBA-EE6C-4A0D-9150-901BFE1AD959}.Release|Any CPU.ActiveCfg = Release|Any CPU
		{10E9DBBA-EE6C-4A0D-9150-901BFE1AD959}.Release|Any CPU.Build.0 = Release|Any CPU
		{8B81FBC5-1663-4970-9236-4F415FCB5D23}.Debug|Any CPU.ActiveCfg = Debug|Any CPU
		{8B81FBC5-1663-4970-9236-4F415FCB5D23}.Debug|Any CPU.Build.0 = Debug|Any CPU
		{8B81FBC5-1663-4970-9236-4F415FCB5D23}.Release|Any CPU.ActiveCfg = Release|Any CPU
		{8B81FBC5-1663-4970-9236-4F415FCB5D23}.Release|Any CPU.Build.0 = Release|Any CPU
		{A6F7E0AD-9558-4CB7-8F4A-6234B1408DC2}.Debug|Any CPU.ActiveCfg = Debug|Any CPU
		{A6F7E0AD-9558-4CB7-8F4A-6234B1408DC2}.Debug|Any CPU.Build.0 = Debug|Any CPU
		{A6F7E0AD-9558-4CB7-8F4A-6234B1408DC2}.Release|Any CPU.ActiveCfg = Release|Any CPU
		{A6F7E0AD-9558-4CB7-8F4A-6234B1408DC2}.Release|Any CPU.Build.0 = Release|Any CPU
		{8EA63B19-CD2A-44D7-84EE-D74278074307}.Debug|Any CPU.ActiveCfg = Debug|Any CPU
		{8EA63B19-CD2A-44D7-84EE-D74278074307}.Debug|Any CPU.Build.0 = Debug|Any CPU
		{8EA63B19-CD2A-44D7-84EE-D74278074307}.Release|Any CPU.ActiveCfg = Release|Any CPU
		{8EA63B19-CD2A-44D7-84EE-D74278074307}.Release|Any CPU.Build.0 = Release|Any CPU
		{9E0A6E1D-0E32-42F8-96CE-D354A3206ED3}.Debug|Any CPU.ActiveCfg = Debug|Any CPU
		{9E0A6E1D-0E32-42F8-96CE-D354A3206ED3}.Debug|Any CPU.Build.0 = Debug|Any CPU
		{9E0A6E1D-0E32-42F8-96CE-D354A3206ED3}.Release|Any CPU.ActiveCfg = Release|Any CPU
		{9E0A6E1D-0E32-42F8-96CE-D354A3206ED3}.Release|Any CPU.Build.0 = Release|Any CPU
		{01C2F6F2-FA9E-4F9B-A2A1-E89232157765}.Debug|Any CPU.ActiveCfg = Debug|Any CPU
		{01C2F6F2-FA9E-4F9B-A2A1-E89232157765}.Debug|Any CPU.Build.0 = Debug|Any CPU
		{01C2F6F2-FA9E-4F9B-A2A1-E89232157765}.Debug|Any CPU.Deploy.0 = Debug|Any CPU
		{01C2F6F2-FA9E-4F9B-A2A1-E89232157765}.Release|Any CPU.ActiveCfg = Release|Any CPU
		{01C2F6F2-FA9E-4F9B-A2A1-E89232157765}.Release|Any CPU.Build.0 = Release|Any CPU
		{01C2F6F2-FA9E-4F9B-A2A1-E89232157765}.Release|Any CPU.Deploy.0 = Release|Any CPU
		{5629D917-E85B-4AEC-8B00-B5644F8C4EBF}.Debug|Any CPU.ActiveCfg = Debug|Any CPU
		{5629D917-E85B-4AEC-8B00-B5644F8C4EBF}.Debug|Any CPU.Build.0 = Debug|Any CPU
		{5629D917-E85B-4AEC-8B00-B5644F8C4EBF}.Release|Any CPU.ActiveCfg = Release|Any CPU
		{5629D917-E85B-4AEC-8B00-B5644F8C4EBF}.Release|Any CPU.Build.0 = Release|Any CPU
	EndGlobalSection
	GlobalSection(SolutionProperties) = preSolution
		HideSolutionNode = FALSE
	EndGlobalSection
	GlobalSection(NestedProjects) = preSolution
		{10E9DBBA-EE6C-4A0D-9150-901BFE1AD959} = {B86DEA34-9010-429B-80B3-9F08B1598641}
		{8B81FBC5-1663-4970-9236-4F415FCB5D23} = {867B322C-86C6-4EBB-9022-ACB0621EE750}
		{A6F7E0AD-9558-4CB7-8F4A-6234B1408DC2} = {73AF4321-ADEA-44BD-8BB8-43068EB79731}
		{8EA63B19-CD2A-44D7-84EE-D74278074307} = {B9EF0330-BA8E-4AB2-84FF-A6F8A753E4BF}
		{9E0A6E1D-0E32-42F8-96CE-D354A3206ED3} = {B9EF0330-BA8E-4AB2-84FF-A6F8A753E4BF}
		{B9EF0330-BA8E-4AB2-84FF-A6F8A753E4BF} = {E502C9B9-3862-4BF2-B944-0854547A43EE}
		{01C2F6F2-FA9E-4F9B-A2A1-E89232157765} = {0809F219-85F6-4325-8310-9B829D5D9ABB}
		{5629D917-E85B-4AEC-8B00-B5644F8C4EBF} = {BB0515DF-3115-43EA-98F3-4E64C72487D1}
		{0809F219-85F6-4325-8310-9B829D5D9ABB} = {E502C9B9-3862-4BF2-B944-0854547A43EE}
		{BB0515DF-3115-43EA-98F3-4E64C72487D1} = {E502C9B9-3862-4BF2-B944-0854547A43EE}
		{B86DEA34-9010-429B-80B3-9F08B1598641} = {E502C9B9-3862-4BF2-B944-0854547A43EE}
		{867B322C-86C6-4EBB-9022-ACB0621EE750} = {E502C9B9-3862-4BF2-B944-0854547A43EE}
	EndGlobalSection
	GlobalSection(ExtensibilityGlobals) = postSolution
		SolutionGuid = {4DC92A9A-5E83-4165-AFB5-5810350214CD}
	EndGlobalSection
EndGlobal
