
Microsoft Visual Studio Solution File, Format Version 12.00
# Visual Studio Version 17
VisualStudioVersion = 17.3.32922.545
MinimumVisualStudioVersion = 10.0.40219.1
Project("{FAE04EC0-301F-11D3-BF4B-00C04F79EFBC}") = "agenciadeviajes", "agenciadeviajes.csproj", "{69BAB6F2-E1BE-4CBE-BB8B-0C65E609939B}"
EndProject
Global
	GlobalSection(SolutionConfigurationPlatforms) = preSolution
		Debug|Any CPU = Debug|Any CPU
		Release|Any CPU = Release|Any CPU
	EndGlobalSection
	GlobalSection(ProjectConfigurationPlatforms) = postSolution
		{69BAB6F2-E1BE-4CBE-BB8B-0C65E609939B}.Debug|Any CPU.ActiveCfg = Debug|Any CPU
		{69BAB6F2-E1BE-4CBE-BB8B-0C65E609939B}.Debug|Any CPU.Build.0 = Debug|Any CPU
		{69BAB6F2-E1BE-4CBE-BB8B-0C65E609939B}.Release|Any CPU.ActiveCfg = Release|Any CPU
		{69BAB6F2-E1BE-4CBE-BB8B-0C65E609939B}.Release|Any CPU.Build.0 = Release|Any CPU
	EndGlobalSection
	GlobalSection(SolutionProperties) = preSolution
		HideSolutionNode = FALSE
	EndGlobalSection
	GlobalSection(ExtensibilityGlobals) = postSolution
		SolutionGuid = {77DB94E9-1DFD-43B1-AC46-FED23BE9F3C5}
	EndGlobalSection
EndGlobal
